
Microsoft Visual Studio Solution File, Format Version 12.00
# Visual Studio Version 17
VisualStudioVersion = 17.9.34607.119
MinimumVisualStudioVersion = 10.0.40219.1
Project("{FAE04EC0-301F-11D3-BF4B-00C04F79EFBC}") = "ProjetoLuby", "ProjetoLuby\ProjetoLuby.csproj", "{3F554918-A08D-45E3-B942-7DF16FF380DB}"
EndProject
Global
	GlobalSection(SolutionConfigurationPlatforms) = preSolution
		Debug|Any CPU = Debug|Any CPU
		Release|Any CPU = Release|Any CPU
	EndGlobalSection
	GlobalSection(ProjectConfigurationPlatforms) = postSolution
		{3F554918-A08D-45E3-B942-7DF16FF380DB}.Debug|Any CPU.ActiveCfg = Debug|Any CPU
		{3F554918-A08D-45E3-B942-7DF16FF380DB}.Debug|Any CPU.Build.0 = Debug|Any CPU
		{3F554918-A08D-45E3-B942-7DF16FF380DB}.Release|Any CPU.ActiveCfg = Release|Any CPU
		{3F554918-A08D-45E3-B942-7DF16FF380DB}.Release|Any CPU.Build.0 = Release|Any CPU
	EndGlobalSection
	GlobalSection(SolutionProperties) = preSolution
		HideSolutionNode = FALSE
	EndGlobalSection
	GlobalSection(ExtensibilityGlobals) = postSolution
		SolutionGuid = {FDCB04BE-75BC-42C8-BEB5-7AB618B93333}
	EndGlobalSection
EndGlobal
